
Microsoft Visual Studio Solution File, Format Version 12.00
# Visual Studio Version 17
VisualStudioVersion = 17.12.35521.163 d17.12
MinimumVisualStudioVersion = 10.0.40219.1
Project("{FAE04EC0-301F-11D3-BF4B-00C04F79EFBC}") = "Tutor_iLearn_Management_System", "Tutor_iLearn_Management_System.csproj", "{6FC70D1C-B5ED-4077-AF58-ED730502BB0C}"
EndProject
Global
	GlobalSection(SolutionConfigurationPlatforms) = preSolution
		Debug|Any CPU = Debug|Any CPU
		Release|Any CPU = Release|Any CPU
	EndGlobalSection
	GlobalSection(ProjectConfigurationPlatforms) = postSolution
		{6FC70D1C-B5ED-4077-AF58-ED730502BB0C}.Debug|Any CPU.ActiveCfg = Debug|Any CPU
		{6FC70D1C-B5ED-4077-AF58-ED730502BB0C}.Debug|Any CPU.Build.0 = Debug|Any CPU
		{6FC70D1C-B5ED-4077-AF58-ED730502BB0C}.Release|Any CPU.ActiveCfg = Release|Any CPU
		{6FC70D1C-B5ED-4077-AF58-ED730502BB0C}.Release|Any CPU.Build.0 = Release|Any CPU
	EndGlobalSection
	GlobalSection(SolutionProperties) = preSolution
		HideSolutionNode = FALSE
	EndGlobalSection
EndGlobal
